# THIS IS AN AUTOGENERATED FILE. DO NOT EDIT THIS FILE DIRECTLY.
# yarn lockfile v1


"@iarna/toml@^2.2.0":
  version "2.2.5"
  resolved "https://registry.npm.taobao.org/@iarna/toml/download/@iarna/toml-2.2.5.tgz#b32366c89b43c6f8cefbdefac778b9c828e3ba8c"
  integrity sha1-syNmyJtDxvjO+976x3i5yCjjuow=

"@nodelib/fs.scandir@2.1.5":
  version "2.1.5"
  resolved "https://registry.nlark.com/@nodelib/fs.scandir/download/@nodelib/fs.scandir-2.1.5.tgz?cache=0&sync_timestamp=1622792738877&other_urls=https%3A%2F%2Fregistry.nlark.com%2F%40nodelib%2Ffs.scandir%2Fdownload%2F%40nodelib%2Ffs.scandir-2.1.5.tgz#7619c2eb21b25483f6d167548b4cfd5a7488c3d5"
  integrity sha1-dhnC6yGyVIP20WdUi0z9WnSIw9U=
  dependencies:
    "@nodelib/fs.stat" "2.0.5"
    run-parallel "^1.1.9"

"@nodelib/fs.stat@2.0.5", "@nodelib/fs.stat@^2.0.2":
  version "2.0.5"
  resolved "https://registry.npmmirror.com/@nodelib/fs.stat/download/@nodelib/fs.stat-2.0.5.tgz#5bd262af94e9d25bd1e71b05deed44876a222e8b"
  integrity sha1-W9Jir5Tp0lvR5xsF3u1Eh2oiLos=

"@nodelib/fs.walk@^1.2.3":
  version "1.2.8"
  resolved "https://registry.nlark.com/@nodelib/fs.walk/download/@nodelib/fs.walk-1.2.8.tgz#e95737e8bb6746ddedf69c556953494f196fe69a"
  integrity sha1-6Vc36LtnRt3t9pxVaVNJTxlv5po=
  dependencies:
    "@nodelib/fs.scandir" "2.1.5"
    fastq "^1.6.0"

"@parcel/cache@^2.1.0":
  version "2.1.0"
  resolved "https://registry.npmmirror.com/@parcel/cache/download/@parcel/cache-2.1.0.tgz#9692d451f19a342b5d469f5008db5b83f7371ad3"
  integrity sha512-/2tjyVke5I6b3Htr2yeg8Ufie1rNiZkZWpTA0d/9X5XiGRKNO6sENVHH0ILCY/sVFxJiacK+VtvBIlehjOzuKw==
  dependencies:
    "@parcel/fs" "^2.1.0"
    "@parcel/logger" "^2.1.0"
    "@parcel/utils" "^2.1.0"
    lmdb "^2.0.2"

"@parcel/codeframe@^2.1.0":
  version "2.1.0"
  resolved "https://registry.npmmirror.com/@parcel/codeframe/download/@parcel/codeframe-2.1.0.tgz#28bb35f91e4f3c54c0490c6f503f8ef76a26fda1"
  integrity sha512-9wB9RZGrpMCNXzRR5s1865p1Cc5Oc0wL+WFNewJ2X3nanbb16SpMqi2xAtED3nVX65t9cFmXP1Y+R295vkILMg==
  dependencies:
    chalk "^4.1.0"
    emphasize "^4.2.0"
    slice-ansi "^4.0.0"
    string-width "^4.2.0"

"@parcel/diagnostic@^2.1.0":
  version "2.1.0"
  resolved "https://registry.npmmirror.com/@parcel/diagnostic/download/@parcel/diagnostic-2.1.0.tgz#12bd878f14155045e436894e04b1c17f9dfbddff"
  integrity sha512-odXhKGGrfE9rqW3c+Ccdz2hYfbSKMyYEMDTj28vffMIKn1xNww0E7A6kCH9c6nVyNix0CsMcOCvrS65kL1JULA==
  dependencies:
    json-source-map "^0.6.1"
    nullthrows "^1.1.1"

"@parcel/events@^2.1.0":
  version "2.1.0"
  resolved "https://registry.npmmirror.com/@parcel/events/download/@parcel/events-2.1.0.tgz#ae6d3ef65ae577793cf530cf33452dc7013f86e4"
  integrity sha512-NaOuO+R3vdipxzr9+SmSuLc5znE4xeQGxO9bUAllqwwjtEqF6QMSSn2sBjF/r8HYmoX0bvr4NLr9yDwnb/DsGQ==

"@parcel/fs-search@^2.1.0":
  version "2.1.0"
  resolved "https://registry.npmmirror.com/@parcel/fs-search/download/@parcel/fs-search-2.1.0.tgz#2ecba9af21ae46f6cfc6ae93b04c5d2c4539993f"
  integrity sha512-QGTjpicspRMFKk4H160ahBEUNSYVwMeoH7aYytcKeEyxG45wkrjQ6UPYbOXBuYT4On+2XmJIid6DCi+RFuhIyw==
  dependencies:
    detect-libc "^1.0.3"

"@parcel/fs-write-stream-atomic@^2.1.0":
  version "2.1.0"
  resolved "https://registry.npmmirror.com/@parcel/fs-write-stream-atomic/download/@parcel/fs-write-stream-atomic-2.1.0.tgz#f5f6c9ce01674678c6bc772f70e3bb8c43f3dd83"
  integrity sha512-63V5Qq6ExtekbV0nUXyTpjgQp3zZLCcR6leQcYVZS+2QLNhYmMnx6+ThuKsOvZgKVSeV9u1/c0A38bL/iNe8TA==
  dependencies:
    graceful-fs "^4.1.2"
    iferr "^1.0.2"
    imurmurhash "^0.1.4"
    readable-stream "1 || 2"

"@parcel/fs@^2.1.0":
  version "2.1.0"
  resolved "https://registry.npmmirror.com/@parcel/fs/download/@parcel/fs-2.1.0.tgz#976de880893ffcc2e58ddfaf42aa2de51b119a4b"
  integrity sha512-6neO7uKtwKVdZFBENMroTSJQJkQlbOlTYnJS58mVF58FvI8/Te6oxYjexXMkqzgftDqLajqBZnuObJ1hAfh8cg==
  dependencies:
    "@parcel/fs-search" "^2.1.0"
    "@parcel/fs-write-stream-atomic" "^2.1.0"
    "@parcel/types" "^2.1.0"
    "@parcel/utils" "^2.1.0"
    "@parcel/watcher" "^2.0.0"
    "@parcel/workers" "^2.1.0"
    graceful-fs "^4.2.4"
    mkdirp "^0.5.1"
    ncp "^2.0.0"
    nullthrows "^1.1.1"
    rimraf "^3.0.2"
    utility-types "^3.10.0"

"@parcel/hash@^2.1.0":
  version "2.1.0"
  resolved "https://registry.npmmirror.com/@parcel/hash/download/@parcel/hash-2.1.0.tgz#d5db1673527b606c18efac591aa4039b3c934d4a"
  integrity sha512-xpST4yAygOjO8A+9KwVaXleHayJiVlrujzrgq6HYCu6xPc19qmhIvW+cn+KJJQuxSVIDpUZurb9/oslFuv0YVQ==
  dependencies:
    detect-libc "^1.0.3"
    xxhash-wasm "^0.4.2"

"@parcel/logger@^2.1.0":
  version "2.1.0"
  resolved "https://registry.npmmirror.com/@parcel/logger/download/@parcel/logger-2.1.0.tgz#b850b695a466c8f893234ae57ebc0c6e171d32c9"
  integrity sha512-B3hhh8htWOmtnqibMh/jX5xStumue/HmrExCCWjwgFyfFavL8I8RkhQjlPy6kwf2a3Y8WrAZCtE/KXUyjrYzMw==
  dependencies:
    "@parcel/diagnostic" "^2.1.0"
    "@parcel/events" "^2.1.0"

"@parcel/markdown-ansi@^2.1.0":
  version "2.1.0"
  resolved "https://registry.npmmirror.com/@parcel/markdown-ansi/download/@parcel/markdown-ansi-2.1.0.tgz#9707232f5f7357197eb3b9509b179f8617b281dc"
  integrity sha512-RI74wXnQaCM6FfBNdQAxlHltFp8hqwht/jsGIKNnzUJxbI/AQnRDgHaW2Jq3jAt8oQ6CsoRpXbOk0Cxx9ygQ8g==
  dependencies:
    chalk "^4.1.0"

"@parcel/package-manager@^2.1.0":
  version "2.1.0"
  resolved "https://registry.npmmirror.com/@parcel/package-manager/download/@parcel/package-manager-2.1.0.tgz#945c40699bc4f99383afe6897735725d67fc220a"
  integrity sha512-/Q/YrLKx5O/6PcY80OTue44qc2JtyGIgcv56Wc8COTtd3A+vTqx6K36uYbxhg9ybtCOzHiCJXqbi6xlZlL37XQ==
  dependencies:
    "@parcel/diagnostic" "^2.1.0"
    "@parcel/fs" "^2.1.0"
    "@parcel/logger" "^2.1.0"
    "@parcel/types" "^2.1.0"
    "@parcel/utils" "^2.1.0"
    "@parcel/workers" "^2.1.0"
    command-exists "^1.2.6"
    cross-spawn "^6.0.4"
    nullthrows "^1.1.1"
    semver "^5.7.1"
    split2 "^3.1.1"

"@parcel/plugin@^2.0.0":
  version "2.1.0"
  resolved "https://registry.npmmirror.com/@parcel/plugin/download/@parcel/plugin-2.1.0.tgz#7139e459e660d5d1fe9ee811989c02db09deaa01"
  integrity sha512-7LofxXMI9x5hLcqlXFEJSl+HQEnvrzfwATmGqh4yn4O+jPgglxnb0nw53mJyWXP8hWZtYBPBXc2JcukobkC3yQ==
  dependencies:
    "@parcel/types" "^2.1.0"

"@parcel/source-map@^2.0.0":
  version "2.0.0"
  resolved "https://registry.npmmirror.com/@parcel/source-map/download/@parcel/source-map-2.0.0.tgz#41cf004109bbf277ceaf096a58838ff6a59af774"
  integrity sha1-Qc8AQQm78nfOrwlqWIOP9qWa93Q=
  dependencies:
    detect-libc "^1.0.3"
    globby "^11.0.3"

"@parcel/types@^2.1.0":
  version "2.1.0"
  resolved "https://registry.npmmirror.com/@parcel/types/download/@parcel/types-2.1.0.tgz#b65a7bd78cc91172eace6e0eeeb86ef609b03308"
  integrity sha512-TO9KdkKgEI/b0L7Ino5cgdVIVixKQ1tA2Metvnn5InmGq4uG/2gfepka7w8a2PBdf0Y25j9YmwNSPIziImArVg==
  dependencies:
    "@parcel/cache" "^2.1.0"
    "@parcel/diagnostic" "^2.1.0"
    "@parcel/fs" "^2.1.0"
    "@parcel/package-manager" "^2.1.0"
    "@parcel/source-map" "^2.0.0"
    "@parcel/workers" "^2.1.0"
    utility-types "^3.10.0"

"@parcel/utils@^2.1.0":
  version "2.1.0"
  resolved "https://registry.npmmirror.com/@parcel/utils/download/@parcel/utils-2.1.0.tgz#0e8a0b3190afd6d385c197c4308b1775c0dcef50"
  integrity sha512-B2Suc7bdrQatJGsW2knYubpOZuKMH2sQzWZPWGSMphY2f/YHgB5mU0xItjZWtbboFdnUKxyfNAMVc7IYHyvgFA==
  dependencies:
    "@iarna/toml" "^2.2.0"
    "@parcel/codeframe" "^2.1.0"
    "@parcel/diagnostic" "^2.1.0"
    "@parcel/hash" "^2.1.0"
    "@parcel/logger" "^2.1.0"
    "@parcel/markdown-ansi" "^2.1.0"
    "@parcel/source-map" "^2.0.0"
    ansi-html-community "0.0.8"
    chalk "^4.1.0"
    clone "^2.1.1"
    fast-glob "3.1.1"
    fastest-levenshtein "^1.0.8"
    is-glob "^4.0.0"
    is-url "^1.2.2"
    json5 "^1.0.1"
    lru-cache "^6.0.0"
    micromatch "^4.0.4"
    node-forge "^0.10.0"
    nullthrows "^1.1.1"
    open "^7.0.3"
    terminal-link "^2.1.1"

"@parcel/watcher@^2.0.0":
  version "2.0.5"
  resolved "https://registry.npmmirror.com/@parcel/watcher/download/@parcel/watcher-2.0.5.tgz#f913a54e1601b0aac972803829b0eece48de215b"
  integrity sha512-x0hUbjv891omnkcHD7ZOhiyyUqUUR6MNjq89JhEI3BxppeKWAm6NPQsqqRrAkCJBogdT/o/My21sXtTI9rJIsw==
  dependencies:
    node-addon-api "^3.2.1"
    node-gyp-build "^4.3.0"

"@parcel/workers@^2.1.0":
  version "2.1.0"
  resolved "https://registry.npmmirror.com/@parcel/workers/download/@parcel/workers-2.1.0.tgz#c11b3fa07b5a8b2aab12d03e614f30da9bc09b57"
  integrity sha512-HLd5WERrPi8k7O4tQL3HJDwOF8qhVWOmhiQsNqKjrU52B8T3TxLZFWHJ3RT+dv6tuDqY6BOo5zZcVKOZEudHUQ==
  dependencies:
    "@parcel/diagnostic" "^2.1.0"
    "@parcel/logger" "^2.1.0"
    "@parcel/types" "^2.1.0"
    "@parcel/utils" "^2.1.0"
    chrome-trace-event "^1.0.2"
    nullthrows "^1.1.1"

ansi-escapes@^4.2.1:
  version "4.3.2"
  resolved "https://registry.nlark.com/ansi-escapes/download/ansi-escapes-4.3.2.tgz?cache=0&other_urls=https%3A%2F%2Fregistry.nlark.com%2Fansi-escapes%2Fdownload%2Fansi-escapes-4.3.2.tgz#6b2291d1db7d98b6521d5f1efa42d0f3a9feb65e"
  integrity sha1-ayKR0dt9mLZSHV8e+kLQ86n+tl4=
  dependencies:
    type-fest "^0.21.3"

ansi-html-community@0.0.8:
  version "0.0.8"
  resolved "https://registry.nlark.com/ansi-html-community/download/ansi-html-community-0.0.8.tgz?cache=0&sync_timestamp=1631016068950&other_urls=https%3A%2F%2Fregistry.nlark.com%2Fansi-html-community%2Fdownload%2Fansi-html-community-0.0.8.tgz#69fbc4d6ccbe383f9736934ae34c3f8290f1bf41"
  integrity sha1-afvE1sy+OD+XNpNK40w/gpDxv0E=

ansi-regex@^5.0.1:
  version "5.0.1"
  resolved "https://registry.nlark.com/ansi-regex/download/ansi-regex-5.0.1.tgz#082cb2c89c9fe8659a311a53bd6a4dc5301db304"
  integrity sha1-CCyyyJyf6GWaMRpTvWpNxTAdswQ=

ansi-styles@^4.0.0, ansi-styles@^4.1.0:
  version "4.3.0"
  resolved "https://registry.nlark.com/ansi-styles/download/ansi-styles-4.3.0.tgz#edd803628ae71c04c85ae7a0906edad34b648937"
  integrity sha1-7dgDYornHATIWuegkG7a00tkiTc=
  dependencies:
    color-convert "^2.0.1"

array-union@^2.1.0:
  version "2.1.0"
  resolved "https://registry.npm.taobao.org/array-union/download/array-union-2.1.0.tgz?cache=0&sync_timestamp=1614624262896&other_urls=https%3A%2F%2Fregistry.npm.taobao.org%2Farray-union%2Fdownload%2Farray-union-2.1.0.tgz#b798420adbeb1de828d84acd8a2e23d3efe85e8d"
  integrity sha1-t5hCCtvrHego2ErNii4j0+/oXo0=

astral-regex@^2.0.0:
  version "2.0.0"
  resolved "https://registry.npm.taobao.org/astral-regex/download/astral-regex-2.0.0.tgz#483143c567aeed4785759c0865786dc77d7d2e31"
  integrity sha1-SDFDxWeu7UeFdZwIZXhtx319LjE=

balanced-match@^1.0.0:
  version "1.0.2"
  resolved "https://registry.npm.taobao.org/balanced-match/download/balanced-match-1.0.2.tgz?cache=0&sync_timestamp=1617714233441&other_urls=https%3A%2F%2Fregistry.npm.taobao.org%2Fbalanced-match%2Fdownload%2Fbalanced-match-1.0.2.tgz#e83e3a7e3f300b34cb9d87f615fa0cbf357690ee"
  integrity sha1-6D46fj8wCzTLnYf2FfoMvzV2kO4=

brace-expansion@^1.1.7:
  version "1.1.11"
  resolved "https://registry.nlark.com/brace-expansion/download/brace-expansion-1.1.11.tgz#3c7fcbf529d87226f3d2f52b966ff5271eb441dd"
  integrity sha1-PH/L9SnYcibz0vUrlm/1Jx60Qd0=
  dependencies:
    balanced-match "^1.0.0"
    concat-map "0.0.1"

braces@^3.0.1:
  version "3.0.2"
  resolved "https://registry.nlark.com/braces/download/braces-3.0.2.tgz#3454e1a462ee8d599e236df336cd9ea4f8afe107"
  integrity sha1-NFThpGLujVmeI23zNs2epPiv4Qc=
  dependencies:
    fill-range "^7.0.1"

chalk@^4.0.0, chalk@^4.1.0:
  version "4.1.2"
  resolved "https://registry.npmmirror.com/chalk/download/chalk-4.1.2.tgz#aac4e2b7734a740867aeb16bf02aad556a1e7a01"
  integrity sha1-qsTit3NKdAhnrrFr8CqtVWoeegE=
  dependencies:
    ansi-styles "^4.1.0"
    supports-color "^7.1.0"

chrome-trace-event@^1.0.2:
  version "1.0.3"
  resolved "https://registry.nlark.com/chrome-trace-event/download/chrome-trace-event-1.0.3.tgz#1015eced4741e15d06664a957dbbf50d041e26ac"
  integrity sha1-EBXs7UdB4V0GZkqVfbv1DQQeJqw=

clone@^2.1.1:
  version "2.1.2"
  resolved "https://registry.nlark.com/clone/download/clone-2.1.2.tgz#1b7f4b9f591f1e8f83670401600345a02887435f"
  integrity sha1-G39Ln1kfHo+DZwQBYANFoCiHQ18=

color-convert@^2.0.1:
  version "2.0.1"
  resolved "https://registry.npmmirror.com/color-convert/download/color-convert-2.0.1.tgz#72d3a68d598c9bdb3af2ad1e84f21d896abd4de3"
  integrity sha1-ctOmjVmMm9s68q0ehPIdiWq9TeM=
  dependencies:
    color-name "~1.1.4"

color-name@~1.1.4:
  version "1.1.4"
  resolved "https://registry.npm.taobao.org/color-name/download/color-name-1.1.4.tgz#c2a09a87acbde69543de6f63fa3995c826c536a2"
  integrity sha1-wqCah6y95pVD3m9j+jmVyCbFNqI=

command-exists@^1.2.6:
  version "1.2.9"
  resolved "https://registry.npm.taobao.org/command-exists/download/command-exists-1.2.9.tgz#c50725af3808c8ab0260fd60b01fbfa25b954f69"
  integrity sha1-xQclrzgIyKsCYP1gsB+/oluVT2k=

concat-map@0.0.1:
  version "0.0.1"
  resolved "https://registry.npm.taobao.org/concat-map/download/concat-map-0.0.1.tgz#d8a96bd77fd68df7793a73036a3ba0d5405d477b"
  integrity sha1-2Klr13/Wjfd5OnMDajug1UBdR3s=

core-util-is@~1.0.0:
  version "1.0.3"
  resolved "https://registry.nlark.com/core-util-is/download/core-util-is-1.0.3.tgz#a6042d3634c2b27e9328f837b965fac83808db85"
  integrity sha1-pgQtNjTCsn6TKPg3uWX6yDgI24U=

cross-spawn@^6.0.4:
  version "6.0.5"
  resolved "https://registry.nlark.com/cross-spawn/download/cross-spawn-6.0.5.tgz#4a5ec7c64dfae22c3a14124dbacdee846d80cbc4"
  integrity sha1-Sl7Hxk364iw6FBJNus3uhG2Ay8Q=
  dependencies:
    nice-try "^1.0.4"
    path-key "^2.0.1"
    semver "^5.5.0"
    shebang-command "^1.2.0"
    which "^1.2.9"

detect-libc@^1.0.3:
  version "1.0.3"
  resolved "https://registry.npm.taobao.org/detect-libc/download/detect-libc-1.0.3.tgz#fa137c4bd698edf55cd5cd02ac559f91a4c4ba9b"
  integrity sha1-+hN8S9aY7fVc1c0CrFWfkaTEups=

dir-glob@^3.0.1:
  version "3.0.1"
  resolved "https://registry.npm.taobao.org/dir-glob/download/dir-glob-3.0.1.tgz#56dbf73d992a4a93ba1584f4534063fd2e41717f"
  integrity sha1-Vtv3PZkqSpO6FYT0U0Bj/S5BcX8=
  dependencies:
    path-type "^4.0.0"

emoji-regex@^8.0.0:
  version "8.0.0"
  resolved "https://registry.npmmirror.com/emoji-regex/download/emoji-regex-8.0.0.tgz?cache=0&sync_timestamp=1632751333727&other_urls=https%3A%2F%2Fregistry.npmmirror.com%2Femoji-regex%2Fdownload%2Femoji-regex-8.0.0.tgz#e818fd69ce5ccfcb404594f842963bf53164cc37"
  integrity sha1-6Bj9ac5cz8tARZT4QpY79TFkzDc=

emphasize@^4.2.0:
  version "4.2.0"
  resolved "https://registry.nlark.com/emphasize/download/emphasize-4.2.0.tgz#6b6fdc4d212cb7eafea1c7cdd595dfd6cfc508d9"
  integrity sha1-a2/cTSEst+r+ocfN1ZXf1s/FCNk=
  dependencies:
    chalk "^4.0.0"
    highlight.js "~10.4.0"
    lowlight "~1.17.0"

fast-glob@3.1.1:
  version "3.1.1"
  resolved "https://registry.nlark.com/fast-glob/download/fast-glob-3.1.1.tgz#87ee30e9e9f3eb40d6f254a7997655da753d7c82"
  integrity sha1-h+4w6enz60DW8lSnmXZV2nU9fII=
  dependencies:
    "@nodelib/fs.stat" "^2.0.2"
    "@nodelib/fs.walk" "^1.2.3"
    glob-parent "^5.1.0"
    merge2 "^1.3.0"
    micromatch "^4.0.2"

fast-glob@^3.1.1:
  version "3.2.7"
  resolved "https://registry.nlark.com/fast-glob/download/fast-glob-3.2.7.tgz#fd6cb7a2d7e9aa7a7846111e85a196d6b2f766a1"
  integrity sha1-/Wy3otfpqnp4RhEehaGW1rL3ZqE=
  dependencies:
    "@nodelib/fs.stat" "^2.0.2"
    "@nodelib/fs.walk" "^1.2.3"
    glob-parent "^5.1.2"
    merge2 "^1.3.0"
    micromatch "^4.0.4"

fastest-levenshtein@^1.0.8:
  version "1.0.12"
  resolved "https://registry.nlark.com/fastest-levenshtein/download/fastest-levenshtein-1.0.12.tgz#9990f7d3a88cc5a9ffd1f1745745251700d497e2"
  integrity sha1-mZD306iMxan/0fF0V0UlFwDUl+I=

fastq@^1.6.0:
  version "1.13.0"
  resolved "https://registry.nlark.com/fastq/download/fastq-1.13.0.tgz#616760f88a7526bdfc596b7cab8c18938c36b98c"
  integrity sha1-YWdg+Ip1Jr38WWt8q4wYk4w2uYw=
  dependencies:
    reusify "^1.0.4"

fault@^1.0.0:
  version "1.0.4"
  resolved "https://registry.npmmirror.com/fault/download/fault-1.0.4.tgz#eafcfc0a6d214fc94601e170df29954a4f842f13"
  integrity sha1-6vz8Cm0hT8lGAeFw3ymVSk+ELxM=
  dependencies:
    format "^0.2.0"

fill-range@^7.0.1:
  version "7.0.1"
  resolved "https://registry.npm.taobao.org/fill-range/download/fill-range-7.0.1.tgz#1919a6a7c75fe38b2c7c77e5198535da9acdda40"
  integrity sha1-GRmmp8df44ssfHflGYU12prN2kA=
  dependencies:
    to-regex-range "^5.0.1"

format@^0.2.0:
  version "0.2.2"
  resolved "https://registry.npm.taobao.org/format/download/format-0.2.2.tgz#d6170107e9efdc4ed30c9dc39016df942b5cb58b"
  integrity sha1-1hcBB+nv3E7TDJ3DkBbflCtctYs=

fs.realpath@^1.0.0:
  version "1.0.0"
  resolved "https://registry.nlark.com/fs.realpath/download/fs.realpath-1.0.0.tgz#1504ad2523158caa40db4a2787cb01411994ea4f"
  integrity sha1-FQStJSMVjKpA20onh8sBQRmU6k8=

glob-parent@^5.1.0, glob-parent@^5.1.2:
  version "5.1.2"
  resolved "https://registry.npmmirror.com/glob-parent/download/glob-parent-5.1.2.tgz#869832c58034fe68a4093c17dc15e8340d8401c4"
  integrity sha1-hpgyxYA0/mikCTwX3BXoNA2EAcQ=
  dependencies:
    is-glob "^4.0.1"

glob@^7.1.3:
  version "7.2.0"
  resolved "https://registry.npmmirror.com/glob/download/glob-7.2.0.tgz#d15535af7732e02e948f4c41628bd910293f6023"
  integrity sha512-lmLf6gtyrPq8tTjSmrO94wBeQbFR3HbLHbuyD69wuyQkImp2hWqMGB47OX65FBkPffO641IP9jWa1z4ivqG26Q==
  dependencies:
    fs.realpath "^1.0.0"
    inflight "^1.0.4"
    inherits "2"
    minimatch "^3.0.4"
    once "^1.3.0"
    path-is-absolute "^1.0.0"

globby@^11.0.3:
  version "11.0.4"
  resolved "https://registry.nlark.com/globby/download/globby-11.0.4.tgz#2cbaff77c2f2a62e71e9b2813a67b97a3a3001a5"
  integrity sha1-LLr/d8Lypi5x6bKBOme5ejowAaU=
  dependencies:
    array-union "^2.1.0"
    dir-glob "^3.0.1"
    fast-glob "^3.1.1"
    ignore "^5.1.4"
    merge2 "^1.3.0"
    slash "^3.0.0"

graceful-fs@^4.1.2, graceful-fs@^4.2.4:
  version "4.2.9"
  resolved "https://registry.npmmirror.com/graceful-fs/download/graceful-fs-4.2.9.tgz#041b05df45755e587a24942279b9d113146e1c96"
  integrity sha512-NtNxqUcXgpW2iMrfqSfR73Glt39K+BLwWsPs94yR63v45T0Wbej7eRmL5cWfwEgqXnmjQp3zaJTshdRW/qC2ZQ==

has-flag@^4.0.0:
  version "4.0.0"
  resolved "https://registry.nlark.com/has-flag/download/has-flag-4.0.0.tgz?cache=0&sync_timestamp=1626715907927&other_urls=https%3A%2F%2Fregistry.nlark.com%2Fhas-flag%2Fdownload%2Fhas-flag-4.0.0.tgz#944771fd9c81c81265c4d6941860da06bb59479b"
  integrity sha1-lEdx/ZyByBJlxNaUGGDaBrtZR5s=

highlight.js@~10.4.0:
  version "10.4.1"
  resolved "https://registry.npmmirror.com/highlight.js/download/highlight.js-10.4.1.tgz#d48fbcf4a9971c4361b3f95f302747afe19dbad0"
  integrity sha512-yR5lWvNz7c85OhVAEAeFhVCc/GV4C30Fjzc/rCP0aCWzc1UUOPUk55dK/qdwTZHBvMZo+eZ2jpk62ndX/xMFlg==

iferr@^1.0.2:
  version "1.0.2"
  resolved "https://registry.nlark.com/iferr/download/iferr-1.0.2.tgz#e9fde49a9da06dc4a4194c6c9ed6d08305037a6d"
  integrity sha1-6f3kmp2gbcSkGUxsntbQgwUDem0=

ignore@^5.1.4:
  version "5.2.0"
  resolved "https://registry.npmmirror.com/ignore/download/ignore-5.2.0.tgz#6d3bac8fa7fe0d45d9f9be7bac2fc279577e345a"
  integrity sha512-CmxgYGiEPCLhfLnpPp1MoRmifwEIOgjcHXxOBjv7mY96c+eWScsOP9c112ZyLdWHi0FxHjI+4uVhKYp/gcdRmQ==

imurmurhash@^0.1.4:
  version "0.1.4"
  resolved "https://registry.nlark.com/imurmurhash/download/imurmurhash-0.1.4.tgz#9218b9b2b928a238b13dc4fb6b6d576f231453ea"
  integrity sha1-khi5srkoojixPcT7a21XbyMUU+o=

inflight@^1.0.4:
  version "1.0.6"
  resolved "https://registry.npm.taobao.org/inflight/download/inflight-1.0.6.tgz#49bd6331d7d02d0c09bc910a1075ba8165b56df9"
  integrity sha1-Sb1jMdfQLQwJvJEKEHW6gWW1bfk=
  dependencies:
    once "^1.3.0"
    wrappy "1"

inherits@2, inherits@^2.0.3, inherits@~2.0.3:
  version "2.0.4"
  resolved "https://registry.npm.taobao.org/inherits/download/inherits-2.0.4.tgz#0fa2c64f932917c3433a0ded55363aae37416b7c"
  integrity sha1-D6LGT5MpF8NDOg3tVTY6rjdBa3w=

is-docker@^2.0.0:
  version "2.2.1"
  resolved "https://registry.nlark.com/is-docker/download/is-docker-2.2.1.tgz#33eeabe23cfe86f14bde4408a02c0cfb853acdaa"
  integrity sha1-M+6r4jz+hvFL3kQIoCwM+4U6zao=

is-extglob@^2.1.1:
  version "2.1.1"
  resolved "https://registry.npm.taobao.org/is-extglob/download/is-extglob-2.1.1.tgz#a88c02535791f02ed37c76a1b9ea9773c833f8c2"
  integrity sha1-qIwCU1eR8C7TfHahueqXc8gz+MI=

is-fullwidth-code-point@^3.0.0:
  version "3.0.0"
  resolved "https://registry.nlark.com/is-fullwidth-code-point/download/is-fullwidth-code-point-3.0.0.tgz#f116f8064fe90b3f7844a38997c0b75051269f1d"
  integrity sha1-8Rb4Bk/pCz94RKOJl8C3UFEmnx0=

is-glob@^4.0.0, is-glob@^4.0.1:
  version "4.0.3"
  resolved "https://registry.npmmirror.com/is-glob/download/is-glob-4.0.3.tgz#64f61e42cbbb2eec2071a9dac0b28ba1e65d5084"
  integrity sha1-ZPYeQsu7LuwgcanawLKLoeZdUIQ=
  dependencies:
    is-extglob "^2.1.1"

is-number@^7.0.0:
  version "7.0.0"
  resolved "https://registry.nlark.com/is-number/download/is-number-7.0.0.tgz#7535345b896734d5f80c4d06c50955527a14f12b"
  integrity sha1-dTU0W4lnNNX4DE0GxQlVUnoU8Ss=

is-url@^1.2.2:
  version "1.2.4"
  resolved "https://registry.nlark.com/is-url/download/is-url-1.2.4.tgz#04a4df46d28c4cff3d73d01ff06abeb318a1aa52"
  integrity sha1-BKTfRtKMTP89c9Af8Gq+sxihqlI=

is-wsl@^2.1.1:
  version "2.2.0"
  resolved "https://registry.npm.taobao.org/is-wsl/download/is-wsl-2.2.0.tgz?cache=0&sync_timestamp=1592843177178&other_urls=https%3A%2F%2Fregistry.npm.taobao.org%2Fis-wsl%2Fdownload%2Fis-wsl-2.2.0.tgz#74a4c76e77ca9fd3f932f290c17ea326cd157271"
  integrity sha1-dKTHbnfKn9P5MvKQwX6jJs0VcnE=
  dependencies:
    is-docker "^2.0.0"

isarray@~1.0.0:
  version "1.0.0"
  resolved "https://registry.nlark.com/isarray/download/isarray-1.0.0.tgz#bb935d48582cba168c06834957a54a3e07124f11"
  integrity sha1-u5NdSFgsuhaMBoNJV6VKPgcSTxE=

isexe@^2.0.0:
  version "2.0.0"
  resolved "https://registry.npm.taobao.org/isexe/download/isexe-2.0.0.tgz#e8fbf374dc556ff8947a10dcb0572d633f2cfa10"
  integrity sha1-6PvzdNxVb/iUehDcsFctYz8s+hA=

json-source-map@^0.6.1:
  version "0.6.1"
  resolved "https://registry.npm.taobao.org/json-source-map/download/json-source-map-0.6.1.tgz#e0b1f6f4ce13a9ad57e2ae165a24d06e62c79a0f"
  integrity sha1-4LH29M4Tqa1X4q4WWiTQbmLHmg8=

json5@^1.0.1:
  version "1.0.1"
  resolved "https://registry.npm.taobao.org/json5/download/json5-1.0.1.tgz#779fb0018604fa854eacbf6252180d83543e3dbe"
  integrity sha1-d5+wAYYE+oVOrL9iUhgNg1Q+Pb4=
  dependencies:
    minimist "^1.2.0"

lmdb@^2.0.2:
  version "2.1.3"
  resolved "https://registry.npmmirror.com/lmdb/download/lmdb-2.1.3.tgz#b9bfd939a9cfdc7fd85122f1cfb715ea2475a840"
  integrity sha512-+s1EEmrECavgLbhiLrrWEszDbEs7iJObA8SdcV9C4fgND6NFWSI7MCtZNATK/OWAS8SDj1TjxzuBZ+6vbNdlvA==
  dependencies:
    msgpackr "^1.5.2"
    nan "^2.14.2"
    node-gyp-build "^4.2.3"
    ordered-binary "^1.2.3"
    weak-lru-cache "^1.2.1"

lowlight@~1.17.0:
  version "1.17.0"
  resolved "https://registry.npmmirror.com/lowlight/download/lowlight-1.17.0.tgz#a1143b2fba8239df8cd5893f9fe97aaf8465af4a"
  integrity sha1-oRQ7L7qCOd+M1Yk/n+l6r4Rlr0o=
  dependencies:
    fault "^1.0.0"
    highlight.js "~10.4.0"

lru-cache@^6.0.0:
  version "6.0.0"
  resolved "https://registry.npm.taobao.org/lru-cache/download/lru-cache-6.0.0.tgz#6d6fe6570ebd96aaf90fcad1dafa3b2566db3a94"
  integrity sha1-bW/mVw69lqr5D8rR2vo7JWbbOpQ=
  dependencies:
    yallist "^4.0.0"

merge2@^1.3.0:
  version "1.4.1"
  resolved "https://registry.npm.taobao.org/merge2/download/merge2-1.4.1.tgz#4368892f885e907455a6fd7dc55c0c9d404990ae"
  integrity sha1-Q2iJL4hekHRVpv19xVwMnUBJkK4=

micromatch@^4.0.2, micromatch@^4.0.4:
  version "4.0.4"
  resolved "https://registry.nlark.com/micromatch/download/micromatch-4.0.4.tgz#896d519dfe9db25fce94ceb7a500919bf881ebf9"
  integrity sha1-iW1Rnf6dsl/OlM63pQCRm/iB6/k=
  dependencies:
    braces "^3.0.1"
    picomatch "^2.2.3"

minimatch@^3.0.4:
  version "3.0.4"
  resolved "https://registry.npm.taobao.org/minimatch/download/minimatch-3.0.4.tgz#5166e286457f03306064be5497e8dbb0c3d32083"
  integrity sha1-UWbihkV/AzBgZL5Ul+jbsMPTIIM=
  dependencies:
    brace-expansion "^1.1.7"

minimist@^1.2.0, minimist@^1.2.5:
  version "1.2.5"
  resolved "https://registry.npm.taobao.org/minimist/download/minimist-1.2.5.tgz#67d66014b66a6a8aaa0c083c5fd58df4e4e97602"
  integrity sha1-Z9ZgFLZqaoqqDAg8X9WN9OTpdgI=

mkdirp@^0.5.1:
  version "0.5.5"
  resolved "https://registry.npmmirror.com/mkdirp/download/mkdirp-0.5.5.tgz#d91cefd62d1436ca0f41620e251288d420099def"
  integrity sha1-2Rzv1i0UNsoPQWIOJRKI1CAJne8=
  dependencies:
    minimist "^1.2.5"

msgpackr-extract@^1.0.14:
  version "1.0.16"
  resolved "https://registry.npmmirror.com/msgpackr-extract/download/msgpackr-extract-1.0.16.tgz#701c4f6e6f25c100ae84557092274e8fffeefe45"
  integrity sha512-fxdRfQUxPrL/TizyfYfMn09dK58e+d65bRD/fcaVH4052vj30QOzzqxcQIS7B0NsqlypEQ/6Du3QmP2DhWFfCA==
  dependencies:
    nan "^2.14.2"
    node-gyp-build "^4.2.3"

msgpackr@^1.5.2:
  version "1.5.2"
  resolved "https://registry.npmmirror.com/msgpackr/download/msgpackr-1.5.2.tgz#b400c9885642bdec27b284f8bdadbd6570b448b7"
  integrity sha512-OCguCkbG34x1ddO4vAzEm/4J1GTo512k9SoxV8K+EGfI/onFdpemRf0HpsVRFpxadXr4JBFgHsQUitgTlw7ZYQ==
  optionalDependencies:
    msgpackr-extract "^1.0.14"

nan@^2.14.2:
  version "2.15.0"
  resolved "https://registry.nlark.com/nan/download/nan-2.15.0.tgz?cache=0&sync_timestamp=1628093656744&other_urls=https%3A%2F%2Fregistry.nlark.com%2Fnan%2Fdownload%2Fnan-2.15.0.tgz#3f34a473ff18e15c1b5626b62903b5ad6e665fee"
  integrity sha1-PzSkc/8Y4VwbVia2KQO1rW5mX+4=

ncp@^2.0.0:
  version "2.0.0"
  resolved "https://registry.npm.taobao.org/ncp/download/ncp-2.0.0.tgz#195a21d6c46e361d2fb1281ba38b91e9df7bdbb3"
  integrity sha1-GVoh1sRuNh0vsSgbo4uR6d9727M=

nice-try@^1.0.4:
  version "1.0.5"
  resolved "https://registry.nlark.com/nice-try/download/nice-try-1.0.5.tgz#a3378a7696ce7d223e88fc9b764bd7ef1089e366"
  integrity sha1-ozeKdpbOfSI+iPybdkvX7xCJ42Y=

node-addon-api@^3.2.1:
  version "3.2.1"
  resolved "https://registry.nlark.com/node-addon-api/download/node-addon-api-3.2.1.tgz#81325e0a2117789c0128dab65e7e38f07ceba161"
  integrity sha1-gTJeCiEXeJwBKNq2Xn448HzroWE=

node-forge@^0.10.0:
  version "0.10.0"
  resolved "https://registry.npmmirror.com/node-forge/download/node-forge-0.10.0.tgz#32dea2afb3e9926f02ee5ce8794902691a676bf3"
  integrity sha1-Mt6ir7Ppkm8C7lzoeUkCaRpna/M=

node-gyp-build@^4.2.3, node-gyp-build@^4.3.0:
  version "4.3.0"
  resolved "https://registry.nlark.com/node-gyp-build/download/node-gyp-build-4.3.0.tgz#9f256b03e5826150be39c764bf51e993946d71a3"
  integrity sha1-nyVrA+WCYVC+Ocdkv1Hpk5RtcaM=

nullthrows@^1.1.1:
  version "1.1.1"
  resolved "https://registry.nlark.com/nullthrows/download/nullthrows-1.1.1.tgz#7818258843856ae971eae4208ad7d7eb19a431b1"
  integrity sha1-eBgliEOFaulx6uQgitfX6xmkMbE=

once@^1.3.0:
  version "1.4.0"
  resolved "https://registry.nlark.com/once/download/once-1.4.0.tgz#583b1aa775961d4b113ac17d9c50baef9dd76bd1"
  integrity sha1-WDsap3WWHUsROsF9nFC6753Xa9E=
  dependencies:
    wrappy "1"

open@^7.0.3:
  version "7.4.2"
  resolved "https://registry.npmmirror.com/open/download/open-7.4.2.tgz?cache=0&sync_timestamp=1635048357738&other_urls=https%3A%2F%2Fregistry.npmmirror.com%2Fopen%2Fdownload%2Fopen-7.4.2.tgz#b8147e26dcf3e426316c730089fd71edd29c2321"
  integrity sha1-uBR+Jtzz5CYxbHMAif1x7dKcIyE=
  dependencies:
    is-docker "^2.0.0"
    is-wsl "^2.1.1"

ordered-binary@^1.2.3:
  version "1.2.3"
  resolved "https://registry.npmmirror.com/ordered-binary/download/ordered-binary-1.2.3.tgz#518f637692a74d372e56230effae37b811575e36"
  integrity sha512-fEwMk8TNUtzQDjXKYS2ANW3fNZ/gMReCPOAsLHaqw+UDnq/8ddXAcX4lGRpTK7kAghAjkmJs1EXXbcrDbg+ruw==

path-is-absolute@^1.0.0:
  version "1.0.1"
  resolved "https://registry.nlark.com/path-is-absolute/download/path-is-absolute-1.0.1.tgz#174b9268735534ffbc7ace6bf53a5a9e1b5c5f5f"
  integrity sha1-F0uSaHNVNP+8es5r9TpanhtcX18=

path-key@^2.0.1:
  version "2.0.1"
  resolved "https://registry.nlark.com/path-key/download/path-key-2.0.1.tgz#411cadb574c5a140d3a4b1910d40d80cc9f40b40"
  integrity sha1-QRyttXTFoUDTpLGRDUDYDMn0C0A=

path-type@^4.0.0:
  version "4.0.0"
  resolved "https://registry.nlark.com/path-type/download/path-type-4.0.0.tgz#84ed01c0a7ba380afe09d90a8c180dcd9d03043b"
  integrity sha1-hO0BwKe6OAr+CdkKjBgNzZ0DBDs=

picomatch@^2.2.3:
  version "2.3.1"
  resolved "https://registry.npmmirror.com/picomatch/download/picomatch-2.3.1.tgz#3ba3833733646d9d3e4995946c1365a67fb07a42"
  integrity sha512-JU3teHTNjmE2VCGFzuY8EXzCDVwEqB2a8fsIvwaStHhAWJEeVd1o1QD80CU6+ZdEXXSLbSsuLwJjkCBWqRQUVA==

process-nextick-args@~2.0.0:
  version "2.0.1"
  resolved "https://registry.npm.taobao.org/process-nextick-args/download/process-nextick-args-2.0.1.tgz#7820d9b16120cc55ca9ae7792680ae7dba6d7fe2"
  integrity sha1-eCDZsWEgzFXKmud5JoCufbptf+I=

queue-microtask@^1.2.2:
  version "1.2.3"
  resolved "https://registry.nlark.com/queue-microtask/download/queue-microtask-1.2.3.tgz#4929228bbc724dfac43e0efb058caf7b6cfb6243"
  integrity sha1-SSkii7xyTfrEPg77BYyve2z7YkM=

"readable-stream@1 || 2":
  version "2.3.7"
  resolved "https://registry.nlark.com/readable-stream/download/readable-stream-2.3.7.tgz#1eca1cf711aef814c04f62252a36a62f6cb23b57"
  integrity sha1-Hsoc9xGu+BTAT2IlKjamL2yyO1c=
  dependencies:
    core-util-is "~1.0.0"
    inherits "~2.0.3"
    isarray "~1.0.0"
    process-nextick-args "~2.0.0"
    safe-buffer "~5.1.1"
    string_decoder "~1.1.1"
    util-deprecate "~1.0.1"

readable-stream@^3.0.0:
  version "3.6.0"
  resolved "https://registry.nlark.com/readable-stream/download/readable-stream-3.6.0.tgz#337bbda3adc0706bd3e024426a286d4b4b2c9198"
  integrity sha1-M3u9o63AcGvT4CRCaihtS0sskZg=
  dependencies:
    inherits "^2.0.3"
    string_decoder "^1.1.1"
    util-deprecate "^1.0.1"

reusify@^1.0.4:
  version "1.0.4"
  resolved "https://registry.npm.taobao.org/reusify/download/reusify-1.0.4.tgz#90da382b1e126efc02146e90845a88db12925d76"
  integrity sha1-kNo4Kx4SbvwCFG6QhFqI2xKSXXY=

rimraf@^3.0.2:
  version "3.0.2"
  resolved "https://registry.npmmirror.com/rimraf/download/rimraf-3.0.2.tgz#f1a5402ba6220ad52cc1282bac1ae3aa49fd061a"
  integrity sha1-8aVAK6YiCtUswSgrrBrjqkn9Bho=
  dependencies:
    glob "^7.1.3"

run-parallel@^1.1.9:
  version "1.2.0"
  resolved "https://registry.nlark.com/run-parallel/download/run-parallel-1.2.0.tgz#66d1368da7bdf921eb9d95bd1a9229e7f21a43ee"
  integrity sha1-ZtE2jae9+SHrnZW9GpIp5/IaQ+4=
  dependencies:
    queue-microtask "^1.2.2"

safe-buffer@~5.1.0, safe-buffer@~5.1.1:
  version "5.1.2"
  resolved "https://registry.nlark.com/safe-buffer/download/safe-buffer-5.1.2.tgz#991ec69d296e0313747d59bdfd2b745c35f8828d"
  integrity sha1-mR7GnSluAxN0fVm9/St0XDX4go0=

safe-buffer@~5.2.0:
  version "5.2.1"
  resolved "https://registry.nlark.com/safe-buffer/download/safe-buffer-5.2.1.tgz#1eaf9fa9bdb1fdd4ec75f58f9cdb4e6b7827eec6"
  integrity sha1-Hq+fqb2x/dTsdfWPnNtOa3gn7sY=

semver@^5.5.0, semver@^5.7.1:
  version "5.7.1"
  resolved "https://registry.nlark.com/semver/download/semver-5.7.1.tgz?cache=0&sync_timestamp=1618846864940&other_urls=https%3A%2F%2Fregistry.nlark.com%2Fsemver%2Fdownload%2Fsemver-5.7.1.tgz#a954f931aeba508d307bbf069eff0c01c96116f7"
  integrity sha1-qVT5Ma66UI0we78Gnv8MAclhFvc=

shebang-command@^1.2.0:
  version "1.2.0"
  resolved "https://registry.nlark.com/shebang-command/download/shebang-command-1.2.0.tgz#44aac65b695b03398968c39f363fee5deafdf1ea"
  integrity sha1-RKrGW2lbAzmJaMOfNj/uXer98eo=
  dependencies:
    shebang-regex "^1.0.0"

shebang-regex@^1.0.0:
  version "1.0.0"
  resolved "https://registry.nlark.com/shebang-regex/download/shebang-regex-1.0.0.tgz#da42f49740c0b42db2ca9728571cb190c98efea3"
  integrity sha1-2kL0l0DAtC2yypcoVxyxkMmO/qM=

slash@^3.0.0:
  version "3.0.0"
  resolved "https://registry.nlark.com/slash/download/slash-3.0.0.tgz#6539be870c165adbd5240220dbe361f1bc4d4634"
  integrity sha1-ZTm+hwwWWtvVJAIg2+Nh8bxNRjQ=

slice-ansi@^4.0.0:
  version "4.0.0"
  resolved "https://registry.npm.taobao.org/slice-ansi/download/slice-ansi-4.0.0.tgz?cache=0&sync_timestamp=1618554984144&other_urls=https%3A%2F%2Fregistry.npm.taobao.org%2Fslice-ansi%2Fdownload%2Fslice-ansi-4.0.0.tgz#500e8dd0fd55b05815086255b3195adf2a45fe6b"
  integrity sha1-UA6N0P1VsFgVCGJVsxla3ypF/ms=
  dependencies:
    ansi-styles "^4.0.0"
    astral-regex "^2.0.0"
    is-fullwidth-code-point "^3.0.0"

split2@^3.1.1:
  version "3.2.2"
  resolved "https://registry.npmmirror.com/split2/download/split2-3.2.2.tgz?cache=0&sync_timestamp=1635305203974&other_urls=https%3A%2F%2Fregistry.npmmirror.com%2Fsplit2%2Fdownload%2Fsplit2-3.2.2.tgz#bf2cf2a37d838312c249c89206fd7a17dd12365f"
  integrity sha1-vyzyo32DgxLCSciSBv16F90SNl8=
  dependencies:
    readable-stream "^3.0.0"

string-width@^4.2.0:
  version "4.2.3"
  resolved "https://registry.npmmirror.com/string-width/download/string-width-4.2.3.tgz?cache=0&sync_timestamp=1632421309919&other_urls=https%3A%2F%2Fregistry.npmmirror.com%2Fstring-width%2Fdownload%2Fstring-width-4.2.3.tgz#269c7117d27b05ad2e536830a8ec895ef9c6d010"
  integrity sha1-JpxxF9J7Ba0uU2gwqOyJXvnG0BA=
  dependencies:
    emoji-regex "^8.0.0"
    is-fullwidth-code-point "^3.0.0"
    strip-ansi "^6.0.1"

string_decoder@^1.1.1:
  version "1.3.0"
  resolved "https://registry.nlark.com/string_decoder/download/string_decoder-1.3.0.tgz#42f114594a46cf1a8e30b0a84f56c78c3edac21e"
  integrity sha1-QvEUWUpGzxqOMLCoT1bHjD7awh4=
  dependencies:
    safe-buffer "~5.2.0"

string_decoder@~1.1.1:
  version "1.1.1"
  resolved "https://registry.nlark.com/string_decoder/download/string_decoder-1.1.1.tgz#9cf1611ba62685d7030ae9e4ba34149c3af03fc8"
  integrity sha1-nPFhG6YmhdcDCunkujQUnDrwP8g=
  dependencies:
    safe-buffer "~5.1.0"

strip-ansi@^6.0.1:
  version "6.0.1"
  resolved "https://registry.npmmirror.com/strip-ansi/download/strip-ansi-6.0.1.tgz#9e26c63d30f53443e9489495b2105d37b67a85d9"
  integrity sha1-nibGPTD1NEPpSJSVshBdN7Z6hdk=
  dependencies:
    ansi-regex "^5.0.1"

supports-color@^7.0.0, supports-color@^7.1.0:
  version "7.2.0"
  resolved "https://registry.npmmirror.com/supports-color/download/supports-color-7.2.0.tgz#1b7dcdcb32b8138801b3e478ba6a51caa89648da"
  integrity sha1-G33NyzK4E4gBs+R4umpRyqiWSNo=
  dependencies:
    has-flag "^4.0.0"

supports-hyperlinks@^2.0.0:
  version "2.2.0"
  resolved "https://registry.npm.taobao.org/supports-hyperlinks/download/supports-hyperlinks-2.2.0.tgz?cache=0&sync_timestamp=1617751242412&other_urls=https%3A%2F%2Fregistry.npm.taobao.org%2Fsupports-hyperlinks%2Fdownload%2Fsupports-hyperlinks-2.2.0.tgz#4f77b42488765891774b70c79babd87f9bd594bb"
  integrity sha1-T3e0JIh2WJF3S3DHm6vYf5vVlLs=
  dependencies:
    has-flag "^4.0.0"
    supports-color "^7.0.0"

terminal-link@^2.1.1:
  version "2.1.1"
  resolved "https://registry.npm.taobao.org/terminal-link/download/terminal-link-2.1.1.tgz?cache=0&other_urls=https%3A%2F%2Fregistry.npm.taobao.org%2Fterminal-link%2Fdownload%2Fterminal-link-2.1.1.tgz#14a64a27ab3c0df933ea546fba55f2d078edc994"
  integrity sha1-FKZKJ6s8Dfkz6lRvulXy0HjtyZQ=
  dependencies:
    ansi-escapes "^4.2.1"
    supports-hyperlinks "^2.0.0"

to-regex-range@^5.0.1:
  version "5.0.1"
  resolved "https://registry.nlark.com/to-regex-range/download/to-regex-range-5.0.1.tgz#1648c44aae7c8d988a326018ed72f5b4dd0392e4"
  integrity sha1-FkjESq58jZiKMmAY7XL1tN0DkuQ=
  dependencies:
    is-number "^7.0.0"

type-fest@^0.21.3:
  version "0.21.3"
  resolved "https://registry.npmmirror.com/type-fest/download/type-fest-0.21.3.tgz#d260a24b0198436e133fa26a524a6d65fa3b2e37"
  integrity sha1-0mCiSwGYQ24TP6JqUkptZfo7Ljc=

util-deprecate@^1.0.1, util-deprecate@~1.0.1:
  version "1.0.2"
  resolved "https://registry.npm.taobao.org/util-deprecate/download/util-deprecate-1.0.2.tgz#450d4dc9fa70de732762fbd2d4a28981419a0ccf"
  integrity sha1-RQ1Nyfpw3nMnYvvS1KKJgUGaDM8=

utility-types@^3.10.0:
  version "3.10.0"
  resolved "https://registry.npm.taobao.org/utility-types/download/utility-types-3.10.0.tgz#ea4148f9a741015f05ed74fd615e1d20e6bed82b"
  integrity sha1-6kFI+adBAV8F7XT9YV4dIOa+2Cs=

weak-lru-cache@^1.2.1:
  version "1.2.1"
  resolved "https://registry.npmmirror.com/weak-lru-cache/download/weak-lru-cache-1.2.1.tgz#6b4f2da7e1701f845e71522417f1df1e39503df8"
  integrity sha512-O5ag1F0Xk6ui+Fg5LlosTcVAyHs6DeyiDDbOapNtFCx/KjZ82B3U9stM9hvzbVclKWn9ABPjaINX/nQkGkJkKg==

which@^1.2.9:
  version "1.3.1"
  resolved "https://registry.nlark.com/which/download/which-1.3.1.tgz#a45043d54f5805316da8d62f9f50918d3da70b0a"
  integrity sha1-pFBD1U9YBTFtqNYvn1CRjT2nCwo=
  dependencies:
    isexe "^2.0.0"

wrappy@1:
  version "1.0.2"
  resolved "https://registry.nlark.com/wrappy/download/wrappy-1.0.2.tgz?cache=0&sync_timestamp=1619133505879&other_urls=https%3A%2F%2Fregistry.nlark.com%2Fwrappy%2Fdownload%2Fwrappy-1.0.2.tgz#b5243d8f3ec1aa35f1364605bc0d1036e30ab69f"
  integrity sha1-tSQ9jz7BqjXxNkYFvA0QNuMKtp8=

xxhash-wasm@^0.4.2:
  version "0.4.2"
  resolved "https://registry.nlark.com/xxhash-wasm/download/xxhash-wasm-0.4.2.tgz#752398c131a4dd407b5132ba62ad372029be6f79"
  integrity sha1-dSOYwTGk3UB7UTK6Yq03ICm+b3k=

yallist@^4.0.0:
  version "4.0.0"
  resolved "https://registry.nlark.com/yallist/download/yallist-4.0.0.tgz#9bb92790d9c0effec63be73519e11a35019a3a72"
  integrity sha1-m7knkNnA7/7GO+c1GeEaNQGaOnI=
